
Microsoft Visual Studio Solution File, Format Version 12.00
# Visual Studio Version 17
VisualStudioVersion = 17.14.36408.4 d17.14
MinimumVisualStudioVersion = 10.0.40219.1
Project("{FAE04EC0-301F-11D3-BF4B-00C04F79EFBC}") = "ASPIdentityApp", "ASPIdentityApp\ASPIdentityApp.csproj", "{A1785C4C-1887-4F91-82E3-99826B4D1DD7}"
EndProject
Global
	GlobalSection(SolutionConfigurationPlatforms) = preSolution
		Debug|Any CPU = Debug|Any CPU
		Release|Any CPU = Release|Any CPU
	EndGlobalSection
	GlobalSection(ProjectConfigurationPlatforms) = postSolution
		{A1785C4C-1887-4F91-82E3-99826B4D1DD7}.Debug|Any CPU.ActiveCfg = Debug|Any CPU
		{A1785C4C-1887-4F91-82E3-99826B4D1DD7}.Debug|Any CPU.Build.0 = Debug|Any CPU
		{A1785C4C-1887-4F91-82E3-99826B4D1DD7}.Release|Any CPU.ActiveCfg = Release|Any CPU
		{A1785C4C-1887-4F91-82E3-99826B4D1DD7}.Release|Any CPU.Build.0 = Release|Any CPU
	EndGlobalSection
	GlobalSection(SolutionProperties) = preSolution
		HideSolutionNode = FALSE
	EndGlobalSection
	GlobalSection(ExtensibilityGlobals) = postSolution
		SolutionGuid = {E760EE83-5731-44AA-9CA8-853497A50E76}
	EndGlobalSection
EndGlobal
